
Microsoft Visual Studio Solution File, Format Version 12.00
# Visual Studio Version 16
VisualStudioVersion = 16.0.31205.134
MinimumVisualStudioVersion = 10.0.40219.1
Project("{8BC9CEB8-8B4A-11D0-8D11-00A0C91BC942}") = "Char01", "Char01\Char01.vcxproj", "{68505A41-FB02-4E48-996D-BC5A5127D82F}"
EndProject
Project("{8BC9CEB8-8B4A-11D0-8D11-00A0C91BC942}") = "Char02", "Char02\Char02.vcxproj", "{76036494-C197-4D21-B2E8-738850BD3A08}"
EndProject
Project("{8BC9CEB8-8B4A-11D0-8D11-00A0C91BC942}") = "Char03", "Char03\Char03.vcxproj", "{A13DD35F-01BB-45D7-9267-828301660EB6}"
EndProject
Project("{8BC9CEB8-8B4A-11D0-8D11-00A0C91BC942}") = "Char04", "Char04\Char04.vcxproj", "{0E1CD42D-2EEC-4248-ABB1-B4FF289B932B}"
EndProject
Global
	GlobalSection(SolutionConfigurationPlatforms) = preSolution
		Debug|x64 = Debug|x64
		Debug|x86 = Debug|x86
		Release|x64 = Release|x64
		Release|x86 = Release|x86
	EndGlobalSection
	GlobalSection(ProjectConfigurationPlatforms) = postSolution
		{68505A41-FB02-4E48-996D-BC5A5127D82F}.Debug|x64.ActiveCfg = Debug|x64
		{68505A41-FB02-4E48-996D-BC5A5127D82F}.Debug|x64.Build.0 = Debug|x64
		{68505A41-FB02-4E48-996D-BC5A5127D82F}.Debug|x86.ActiveCfg = Debug|Win32
		{68505A41-FB02-4E48-996D-BC5A5127D82F}.Debug|x86.Build.0 = Debug|Win32
		{68505A41-FB02-4E48-996D-BC5A5127D82F}.Release|x64.ActiveCfg = Release|x64
		{68505A41-FB02-4E48-996D-BC5A5127D82F}.Release|x64.Build.0 = Release|x64
		{68505A41-FB02-4E48-996D-BC5A5127D82F}.Release|x86.ActiveCfg = Release|Win32
		{68505A41-FB02-4E48-996D-BC5A5127D82F}.Release|x86.Build.0 = Release|Win32
		{76036494-C197-4D21-B2E8-738850BD3A08}.Debug|x64.ActiveCfg = Debug|x64
		{76036494-C197-4D21-B2E8-738850BD3A08}.Debug|x64.Build.0 = Debug|x64
		{76036494-C197-4D21-B2E8-738850BD3A08}.Debug|x86.ActiveCfg = Debug|Win32
		{76036494-C197-4D21-B2E8-738850BD3A08}.Debug|x86.Build.0 = Debug|Win32
		{76036494-C197-4D21-B2E8-738850BD3A08}.Release|x64.ActiveCfg = Release|x64
		{76036494-C197-4D21-B2E8-738850BD3A08}.Release|x64.Build.0 = Release|x64
		{76036494-C197-4D21-B2E8-738850BD3A08}.Release|x86.ActiveCfg = Release|Win32
		{76036494-C197-4D21-B2E8-738850BD3A08}.Release|x86.Build.0 = Release|Win32
		{A13DD35F-01BB-45D7-9267-828301660EB6}.Debug|x64.ActiveCfg = Debug|x64
		{A13DD35F-01BB-45D7-9267-828301660EB6}.Debug|x64.Build.0 = Debug|x64
		{A13DD35F-01BB-45D7-9267-828301660EB6}.Debug|x86.ActiveCfg = Debug|Win32
		{A13DD35F-01BB-45D7-9267-828301660EB6}.Debug|x86.Build.0 = Debug|Win32
		{A13DD35F-01BB-45D7-9267-828301660EB6}.Release|x64.ActiveCfg = Release|x64
		{A13DD35F-01BB-45D7-9267-828301660EB6}.Release|x64.Build.0 = Release|x64
		{A13DD35F-01BB-45D7-9267-828301660EB6}.Release|x86.ActiveCfg = Release|Win32
		{A13DD35F-01BB-45D7-9267-828301660EB6}.Release|x86.Build.0 = Release|Win32
		{0E1CD42D-2EEC-4248-ABB1-B4FF289B932B}.Debug|x64.ActiveCfg = Debug|x64
		{0E1CD42D-2EEC-4248-ABB1-B4FF289B932B}.Debug|x64.Build.0 = Debug|x64
		{0E1CD42D-2EEC-4248-ABB1-B4FF289B932B}.Debug|x86.ActiveCfg = Debug|Win32
		{0E1CD42D-2EEC-4248-ABB1-B4FF289B932B}.Debug|x86.Build.0 = Debug|Win32
		{0E1CD42D-2EEC-4248-ABB1-B4FF289B932B}.Release|x64.ActiveCfg = Release|x64
		{0E1CD42D-2EEC-4248-ABB1-B4FF289B932B}.Release|x64.Build.0 = Release|x64
		{0E1CD42D-2EEC-4248-ABB1-B4FF289B932B}.Release|x86.ActiveCfg = Release|Win32
		{0E1CD42D-2EEC-4248-ABB1-B4FF289B932B}.Release|x86.Build.0 = Release|Win32
	EndGlobalSection
	GlobalSection(SolutionProperties) = preSolution
		HideSolutionNode = FALSE
	EndGlobalSection
	GlobalSection(ExtensibilityGlobals) = postSolution
		SolutionGuid = {13A48BCC-1906-4F3F-85DF-D7CD5471F586}
	EndGlobalSection
EndGlobal
