
Microsoft Visual Studio Solution File, Format Version 12.00
# Visual Studio Version 16
VisualStudioVersion = 16.0.31205.134
MinimumVisualStudioVersion = 10.0.40219.1
Project("{8BC9CEB8-8B4A-11D0-8D11-00A0C91BC942}") = "01.캡슐화", "Char04.캡슐화\Char04.캡슐화.vcxproj", "{46CA7595-E82F-4519-A407-4F0E66BAFD55}"
EndProject
Project("{8BC9CEB8-8B4A-11D0-8D11-00A0C91BC942}") = "02.프렌드", "02.프렌드\02.프렌드.vcxproj", "{CDCA457A-F963-487C-B593-5842DC839F85}"
EndProject
Project("{8BC9CEB8-8B4A-11D0-8D11-00A0C91BC942}") = "03.정적멤버", "03.정적멤버\03.정적멤버.vcxproj", "{AC9D19D5-C89C-4351-87A9-544662AC9F05}"
EndProject
Project("{8BC9CEB8-8B4A-11D0-8D11-00A0C91BC942}") = "04.상수멤버", "04.상수멤버\04.상수멤버.vcxproj", "{615802D6-9635-4A70-B859-50555D009F0C}"
EndProject
Global
	GlobalSection(SolutionConfigurationPlatforms) = preSolution
		Debug|x64 = Debug|x64
		Debug|x86 = Debug|x86
		Release|x64 = Release|x64
		Release|x86 = Release|x86
	EndGlobalSection
	GlobalSection(ProjectConfigurationPlatforms) = postSolution
		{46CA7595-E82F-4519-A407-4F0E66BAFD55}.Debug|x64.ActiveCfg = Debug|x64
		{46CA7595-E82F-4519-A407-4F0E66BAFD55}.Debug|x64.Build.0 = Debug|x64
		{46CA7595-E82F-4519-A407-4F0E66BAFD55}.Debug|x86.ActiveCfg = Debug|Win32
		{46CA7595-E82F-4519-A407-4F0E66BAFD55}.Debug|x86.Build.0 = Debug|Win32
		{46CA7595-E82F-4519-A407-4F0E66BAFD55}.Release|x64.ActiveCfg = Release|x64
		{46CA7595-E82F-4519-A407-4F0E66BAFD55}.Release|x64.Build.0 = Release|x64
		{46CA7595-E82F-4519-A407-4F0E66BAFD55}.Release|x86.ActiveCfg = Release|Win32
		{46CA7595-E82F-4519-A407-4F0E66BAFD55}.Release|x86.Build.0 = Release|Win32
		{CDCA457A-F963-487C-B593-5842DC839F85}.Debug|x64.ActiveCfg = Debug|x64
		{CDCA457A-F963-487C-B593-5842DC839F85}.Debug|x64.Build.0 = Debug|x64
		{CDCA457A-F963-487C-B593-5842DC839F85}.Debug|x86.ActiveCfg = Debug|Win32
		{CDCA457A-F963-487C-B593-5842DC839F85}.Debug|x86.Build.0 = Debug|Win32
		{CDCA457A-F963-487C-B593-5842DC839F85}.Release|x64.ActiveCfg = Release|x64
		{CDCA457A-F963-487C-B593-5842DC839F85}.Release|x64.Build.0 = Release|x64
		{CDCA457A-F963-487C-B593-5842DC839F85}.Release|x86.ActiveCfg = Release|Win32
		{CDCA457A-F963-487C-B593-5842DC839F85}.Release|x86.Build.0 = Release|Win32
		{AC9D19D5-C89C-4351-87A9-544662AC9F05}.Debug|x64.ActiveCfg = Debug|x64
		{AC9D19D5-C89C-4351-87A9-544662AC9F05}.Debug|x64.Build.0 = Debug|x64
		{AC9D19D5-C89C-4351-87A9-544662AC9F05}.Debug|x86.ActiveCfg = Debug|Win32
		{AC9D19D5-C89C-4351-87A9-544662AC9F05}.Debug|x86.Build.0 = Debug|Win32
		{AC9D19D5-C89C-4351-87A9-544662AC9F05}.Release|x64.ActiveCfg = Release|x64
		{AC9D19D5-C89C-4351-87A9-544662AC9F05}.Release|x64.Build.0 = Release|x64
		{AC9D19D5-C89C-4351-87A9-544662AC9F05}.Release|x86.ActiveCfg = Release|Win32
		{AC9D19D5-C89C-4351-87A9-544662AC9F05}.Release|x86.Build.0 = Release|Win32
		{615802D6-9635-4A70-B859-50555D009F0C}.Debug|x64.ActiveCfg = Debug|x64
		{615802D6-9635-4A70-B859-50555D009F0C}.Debug|x64.Build.0 = Debug|x64
		{615802D6-9635-4A70-B859-50555D009F0C}.Debug|x86.ActiveCfg = Debug|Win32
		{615802D6-9635-4A70-B859-50555D009F0C}.Debug|x86.Build.0 = Debug|Win32
		{615802D6-9635-4A70-B859-50555D009F0C}.Release|x64.ActiveCfg = Release|x64
		{615802D6-9635-4A70-B859-50555D009F0C}.Release|x64.Build.0 = Release|x64
		{615802D6-9635-4A70-B859-50555D009F0C}.Release|x86.ActiveCfg = Release|Win32
		{615802D6-9635-4A70-B859-50555D009F0C}.Release|x86.Build.0 = Release|Win32
	EndGlobalSection
	GlobalSection(SolutionProperties) = preSolution
		HideSolutionNode = FALSE
	EndGlobalSection
	GlobalSection(ExtensibilityGlobals) = postSolution
		SolutionGuid = {842786E8-8C86-4F3C-B508-31DC3CE5EF38}
	EndGlobalSection
EndGlobal
